
Microsoft Visual Studio Solution File, Format Version 12.00
# Visual Studio Version 16
VisualStudioVersion = 16.0.29102.190
MinimumVisualStudioVersion = 10.0.40219.1
Project("{FAE04EC0-301F-11D3-BF4B-00C04F79EFBC}") = "LSW.UniLua", "LSW.UniLua\LSW.UniLua.csproj", "{C41799D3-13E9-4565-BE15-501D7CFE6A71}"
EndProject
Global
	GlobalSection(SolutionConfigurationPlatforms) = preSolution
		Debug|Any CPU = Debug|Any CPU
		Release|Any CPU = Release|Any CPU
	EndGlobalSection
	GlobalSection(ProjectConfigurationPlatforms) = postSolution
		{C41799D3-13E9-4565-BE15-501D7CFE6A71}.Debug|Any CPU.ActiveCfg = Debug|Any CPU
		{C41799D3-13E9-4565-BE15-501D7CFE6A71}.Debug|Any CPU.Build.0 = Debug|Any CPU
		{C41799D3-13E9-4565-BE15-501D7CFE6A71}.Release|Any CPU.ActiveCfg = Release|Any CPU
		{C41799D3-13E9-4565-BE15-501D7CFE6A71}.Release|Any CPU.Build.0 = Release|Any CPU
	EndGlobalSection
	GlobalSection(SolutionProperties) = preSolution
		HideSolutionNode = FALSE
	EndGlobalSection
	GlobalSection(ExtensibilityGlobals) = postSolution
		SolutionGuid = {753A9AE7-732A-4A7B-B8D0-1013C7587962}
	EndGlobalSection
EndGlobal
